<?xml version="1.0" encoding="utf-8"?>
<Project ToolsVersion="4.0" xmlns="http://schemas.microsoft.com/developer/msbuild/2003">
  <ItemGroup>
    <Filter Include="Source Files">
      <UniqueIdentifier>{4FC737F1-C7A5-4376-A066-2A32D752A2FF}</UniqueIdentifier>
      <Extensions>cpp;c;cc;cxx;def;odl;idl;hpj;bat;asm;asmx</Extensions>
    </Filter>
    <Filter Include="Header Files">
      <UniqueIdentifier>{93995380-89BD-4b04-88EB-625FBE52EBFB}</UniqueIdentifier>
      <Extensions>h;hh;hpp;hxx;hm;inl;inc;ipp;xsd</Extensions>
    </Filter>
    <Filter Include="Resource Files">
      <UniqueIdentifier>{67DA6AB6-F800-4c08-8B7A-83BB121AAD01}</UniqueIdentifier>
      <Extensions>rc;ico;cur;bmp;dlg;rc2;rct;bin;rgs;gif;jpg;jpeg;jpe;resx;tiff;tif;png;wav;mfcribbon-ms</Extensions>
    </Filter>
  </ItemGroup>
  <ItemGroup>
    <ClInclude Include="framework.h">
      <Filter>Header Files</Filter>
    </ClInclude>
    <ClInclude Include="pch.h">
      <Filter>Header Files</Filter>
    </ClInclude>
    <ClInclude Include="cherry\objects\Object.h">
      <Filter>Header Files</Filter>
    </ClInclude>
    <ClInclude Include="cherry\objects\Primitive.h">
      <Filter>Header Files</Filter>
    </ClInclude>
    <ClInclude Include="cherry\objects\PrimitiveCapsule.h">
      <Filter>Header Files</Filter>
    </ClInclude>
    <ClInclude Include="cherry\objects\PrimitiveCircle.h">
      <Filter>Header Files</Filter>
    </ClInclude>
    <ClInclude Include="cherry\objects\PrimitiveCone.h">
      <Filter>Header Files</Filter>
    </ClInclude>
    <ClInclude Include="cherry\objects\PrimitiveCube.h">
      <Filter>Header Files</Filter>
    </ClInclude>
    <ClInclude Include="cherry\objects\PrimitiveCylinder.h">
      <Filter>Header Files</Filter>
    </ClInclude>
    <ClInclude Include="cherry\objects\PrimitiveDiamond.h">
      <Filter>Header Files</Filter>
    </ClInclude>
    <ClInclude Include="cherry\objects\PrimitivePlane.h">
      <Filter>Header Files</Filter>
    </ClInclude>
    <ClInclude Include="cherry\objects\Primitives.h">
      <Filter>Header Files</Filter>
    </ClInclude>
    <ClInclude Include="cherry\objects\PrimitiveSphere.h">
      <Filter>Header Files</Filter>
    </ClInclude>
    <ClInclude Include="cherry\utils\math\Collision.h">
      <Filter>Header Files</Filter>
    </ClInclude>
    <ClInclude Include="cherry\utils\math\Consts.h">
      <Filter>Header Files</Filter>
    </ClInclude>
    <ClInclude Include="cherry\utils\math\LargeInt.h">
      <Filter>Header Files</Filter>
    </ClInclude>
    <ClInclude Include="cherry\utils\math\MathLib.h">
      <Filter>Header Files</Filter>
    </ClInclude>
    <ClInclude Include="cherry\utils\math\Matrix.h">
      <Filter>Header Files</Filter>
    </ClInclude>
    <ClInclude Include="cherry\utils\math\Quaternion.h">
      <Filter>Header Files</Filter>
    </ClInclude>
    <ClInclude Include="cherry\utils\math\Rotation.h">
      <Filter>Header Files</Filter>
    </ClInclude>
    <ClInclude Include="cherry\utils\math\Vector.h">
      <Filter>Header Files</Filter>
    </ClInclude>
    <ClInclude Include="cherry\utils\Array.h">
      <Filter>Header Files</Filter>
    </ClInclude>
    <ClInclude Include="cherry\utils\Color.h">
      <Filter>Header Files</Filter>
    </ClInclude>
    <ClInclude Include="cherry\utils\Utils.h">
      <Filter>Header Files</Filter>
    </ClInclude>
    <ClInclude Include="cherry\utils\UtilsLib.h">
      <Filter>Header Files</Filter>
    </ClInclude>
    <ClInclude Include="cherry\utils\UtilsToolsLib.h">
      <Filter>Header Files</Filter>
    </ClInclude>
    <ClInclude Include="cherry\Camera.h">
      <Filter>Header Files</Filter>
    </ClInclude>
    <ClInclude Include="cherry\Game.h">
      <Filter>Header Files</Filter>
    </ClInclude>
    <ClInclude Include="cherry\Material.h">
      <Filter>Header Files</Filter>
    </ClInclude>
    <ClInclude Include="cherry\Mesh.h">
      <Filter>Header Files</Filter>
    </ClInclude>
    <ClInclude Include="cherry\MeshRenderer.h">
      <Filter>Header Files</Filter>
    </ClInclude>
    <ClInclude Include="cherry\Scene.h">
      <Filter>Header Files</Filter>
    </ClInclude>
    <ClInclude Include="cherry\SceneManager.h">
      <Filter>Header Files</Filter>
    </ClInclude>
    <ClInclude Include="cherry\Shader.h">
      <Filter>Header Files</Filter>
    </ClInclude>
    <ClInclude Include="cherry\stb_image.h">
      <Filter>Header Files</Filter>
    </ClInclude>
    <ClInclude Include="cherry\VectorCRY.h">
      <Filter>Header Files</Filter>
    </ClInclude>
    <ClInclude Include="cherry\PhysicsBody.h">
      <Filter>Header Files</Filter>
    </ClInclude>
    <ClInclude Include="cherry\Physics.h">
      <Filter>Header Files</Filter>
    </ClInclude>
  </ItemGroup>
  <ItemGroup>
    <ClCompile Include="GDW_Y2 - CRY LIB.cpp">
      <Filter>Source Files</Filter>
    </ClCompile>
    <ClCompile Include="pch.cpp">
      <Filter>Source Files</Filter>
    </ClCompile>
    <ClCompile Include="cherry\objects\Object.cpp">
      <Filter>Source Files</Filter>
    </ClCompile>
    <ClCompile Include="cherry\objects\Primitive.cpp">
      <Filter>Source Files</Filter>
    </ClCompile>
    <ClCompile Include="cherry\objects\PrimitiveCapsule.cpp">
      <Filter>Source Files</Filter>
    </ClCompile>
    <ClCompile Include="cherry\objects\PrimitiveCircle.cpp">
      <Filter>Source Files</Filter>
    </ClCompile>
    <ClCompile Include="cherry\objects\PrimitiveCone.cpp">
      <Filter>Source Files</Filter>
    </ClCompile>
    <ClCompile Include="cherry\objects\PrimitiveCube.cpp">
      <Filter>Source Files</Filter>
    </ClCompile>
    <ClCompile Include="cherry\objects\PrimitiveCylinder.cpp">
      <Filter>Source Files</Filter>
    </ClCompile>
    <ClCompile Include="cherry\objects\PrimitiveDiamond.cpp">
      <Filter>Source Files</Filter>
    </ClCompile>
    <ClCompile Include="cherry\objects\PrimitivePlane.cpp">
      <Filter>Source Files</Filter>
    </ClCompile>
    <ClCompile Include="cherry\objects\PrimitiveSphere.cpp">
      <Filter>Source Files</Filter>
    </ClCompile>
    <ClCompile Include="cherry\utils\math\Collision.cpp">
      <Filter>Source Files</Filter>
    </ClCompile>
    <ClCompile Include="cherry\utils\math\LargeInt.cpp">
      <Filter>Source Files</Filter>
    </ClCompile>
    <ClCompile Include="cherry\utils\math\Matrix.cpp">
      <Filter>Source Files</Filter>
    </ClCompile>
    <ClCompile Include="cherry\utils\math\Quaternion.cpp">
      <Filter>Source Files</Filter>
    </ClCompile>
    <ClCompile Include="cherry\utils\math\Rotation.cpp">
      <Filter>Source Files</Filter>
    </ClCompile>
    <ClCompile Include="cherry\utils\math\Vector.cpp">
      <Filter>Source Files</Filter>
    </ClCompile>
    <ClCompile Include="cherry\utils\Array.cpp">
      <Filter>Source Files</Filter>
    </ClCompile>
    <ClCompile Include="cherry\utils\Color.cpp">
      <Filter>Source Files</Filter>
    </ClCompile>
    <ClCompile Include="cherry\utils\Utils.cpp">
      <Filter>Source Files</Filter>
    </ClCompile>
    <ClCompile Include="cherry\Camera.cpp">
      <Filter>Source Files</Filter>
    </ClCompile>
    <ClCompile Include="cherry\Game.cpp">
      <Filter>Source Files</Filter>
    </ClCompile>
    <ClCompile Include="cherry\Material.cpp">
      <Filter>Source Files</Filter>
    </ClCompile>
    <ClCompile Include="cherry\Mesh.cpp">
      <Filter>Source Files</Filter>
    </ClCompile>
    <ClCompile Include="cherry\MeshRenderer.cpp">
      <Filter>Source Files</Filter>
    </ClCompile>
    <ClCompile Include="cherry\Scene.cpp">
      <Filter>Source Files</Filter>
    </ClCompile>
    <ClCompile Include="cherry\SceneManager.cpp">
      <Filter>Source Files</Filter>
    </ClCompile>
    <ClCompile Include="cherry\Shader.cpp">
      <Filter>Source Files</Filter>
    </ClCompile>
    <ClCompile Include="cherry\stb_image.cpp">
      <Filter>Source Files</Filter>
    </ClCompile>
    <ClCompile Include="cherry\VectorCRY.cpp">
      <Filter>Source Files</Filter>
    </ClCompile>
    <ClCompile Include="cherry\PhysicsBody.cpp">
      <Filter>Source Files</Filter>
    </ClCompile>
    <ClCompile Include="cherry\Physics.cpp">
      <Filter>Source Files</Filter>
    </ClCompile>
  </ItemGroup>
</Project>