<?xml version="1.0" encoding="utf-8"?>
<Project ToolsVersion="4.0" xmlns="http://schemas.microsoft.com/developer/msbuild/2003">
  <ItemGroup>
    <Filter Include="Source Files">
      <UniqueIdentifier>{4FC737F1-C7A5-4376-A066-2A32D752A2FF}</UniqueIdentifier>
      <Extensions>cpp;c;cc;cxx;def;odl;idl;hpj;bat;asm;asmx</Extensions>
    </Filter>
    <Filter Include="Header Files">
      <UniqueIdentifier>{93995380-89BD-4b04-88EB-625FBE52EBFB}</UniqueIdentifier>
      <Extensions>h;hh;hpp;hxx;hm;inl;inc;ipp;xsd</Extensions>
    </Filter>
    <Filter Include="Resource Files">
      <UniqueIdentifier>{67DA6AB6-F800-4c08-8B7A-83BB121AAD01}</UniqueIdentifier>
      <Extensions>rc;ico;cur;bmp;dlg;rc2;rct;bin;rgs;gif;jpg;jpeg;jpe;resx;tiff;tif;png;wav;mfcribbon-ms</Extensions>
    </Filter>
  </ItemGroup>
  <ItemGroup>
    <ClInclude Include="framework.h">
      <Filter>Header Files</Filter>
    </ClInclude>
    <ClInclude Include="pch.h">
      <Filter>Header Files</Filter>
    </ClInclude>
    <ClInclude Include="cherry\objects\Object.h">
      <Filter>Header Files</Filter>
    </ClInclude>
    <ClInclude Include="cherry\objects\Primitive.h">
      <Filter>Header Files</Filter>
    </ClInclude>
    <ClInclude Include="cherry\objects\PrimitiveCapsule.h">
      <Filter>Header Files</Filter>
    </ClInclude>
    <ClInclude Include="cherry\objects\PrimitiveCircle.h">
      <Filter>Header Files</Filter>
    </ClInclude>
    <ClInclude Include="cherry\objects\PrimitiveCone.h">
      <Filter>Header Files</Filter>
    </ClInclude>
    <ClInclude Include="cherry\objects\PrimitiveCube.h">
      <Filter>Header Files</Filter>
    </ClInclude>
    <ClInclude Include="cherry\objects\PrimitiveCylinder.h">
      <Filter>Header Files</Filter>
    </ClInclude>
    <ClInclude Include="cherry\objects\PrimitiveDiamond.h">
      <Filter>Header Files</Filter>
    </ClInclude>
    <ClInclude Include="cherry\objects\PrimitivePlane.h">
      <Filter>Header Files</Filter>
    </ClInclude>
    <ClInclude Include="cherry\objects\Primitives.h">
      <Filter>Header Files</Filter>
    </ClInclude>
    <ClInclude Include="cherry\objects\PrimitiveSphere.h">
      <Filter>Header Files</Filter>
    </ClInclude>
    <ClInclude Include="cherry\utils\math\Collision.h">
      <Filter>Header Files</Filter>
    </ClInclude>
    <ClInclude Include="cherry\utils\math\Consts.h">
      <Filter>Header Files</Filter>
    </ClInclude>
    <ClInclude Include="cherry\utils\math\LargeInt.h">
      <Filter>Header Files</Filter>
    </ClInclude>
    <ClInclude Include="cherry\utils\math\MathLib.h">
      <Filter>Header Files</Filter>
    </ClInclude>
    <ClInclude Include="cherry\utils\math\Matrix.h">
      <Filter>Header Files</Filter>
    </ClInclude>
    <ClInclude Include="cherry\utils\math\Quaternion.h">
      <Filter>Header Files</Filter>
    </ClInclude>
    <ClInclude Include="cherry\utils\math\Rotation.h">
      <Filter>Header Files</Filter>
    </ClInclude>
    <ClInclude Include="cherry\utils\math\Vector.h">
      <Filter>Header Files</Filter>
    </ClInclude>
    <ClInclude Include="cherry\utils\Array.h">
      <Filter>Header Files</Filter>
    </ClInclude>
    <ClInclude Include="cherry\utils\Color.h">
      <Filter>Header Files</Filter>
    </ClInclude>
    <ClInclude Include="cherry\utils\Utils.h">
      <Filter>Header Files</Filter>
    </ClInclude>
    <ClInclude Include="cherry\utils\UtilsLib.h">
      <Filter>Header Files</Filter>
    </ClInclude>
    <ClInclude Include="cherry\utils\UtilsToolsLib.h">
      <Filter>Header Files</Filter>
    </ClInclude>
    <ClInclude Include="cherry\Camera.h">
      <Filter>Header Files</Filter>
    </ClInclude>
    <ClInclude Include="cherry\Game.h">
      <Filter>Header Files</Filter>
    </ClInclude>
    <ClInclude Include="cherry\Material.h">
      <Filter>Header Files</Filter>
    </ClInclude>
    <ClInclude Include="cherry\Mesh.h">
      <Filter>Header Files</Filter>
    </ClInclude>
    <ClInclude Include="cherry\MeshRenderer.h">
      <Filter>Header Files</Filter>
    </ClInclude>
    <ClInclude Include="cherry\Scene.h">
      <Filter>Header Files</Filter>
    </ClInclude>
    <ClInclude Include="cherry\SceneManager.h">
      <Filter>Header Files</Filter>
    </ClInclude>
    <ClInclude Include="cherry\Shader.h">
      <Filter>Header Files</Filter>
    </ClInclude>
    <ClInclude Include="cherry\stb_image.h">
      <Filter>Header Files</Filter>
    </ClInclude>
    <ClInclude Include="cherry\VectorCRY.h">
      <Filter>Header Files</Filter>
    </ClInclude>
    <ClInclude Include="cherry\PhysicsBody.h">
      <Filter>Header Files</Filter>
    </ClInclude>
    <ClInclude Include="external\entt\entt.hpp">
      <Filter>Header Files</Filter>
    </ClInclude>
    <ClInclude Include="external\fmod\fmod.h">
      <Filter>Header Files</Filter>
    </ClInclude>
    <ClInclude Include="external\fmod\fmod.hpp">
      <Filter>Header Files</Filter>
    </ClInclude>
    <ClInclude Include="external\fmod\fmod_codec.h">
      <Filter>Header Files</Filter>
    </ClInclude>
    <ClInclude Include="external\fmod\fmod_common.h">
      <Filter>Header Files</Filter>
    </ClInclude>
    <ClInclude Include="external\fmod\fmod_dsp.h">
      <Filter>Header Files</Filter>
    </ClInclude>
    <ClInclude Include="external\fmod\fmod_dsp_effects.h">
      <Filter>Header Files</Filter>
    </ClInclude>
    <ClInclude Include="external\fmod\fmod_errors.h">
      <Filter>Header Files</Filter>
    </ClInclude>
    <ClInclude Include="external\fmod\fmod_output.h">
      <Filter>Header Files</Filter>
    </ClInclude>
    <ClInclude Include="external\fmod\fmod_studio.h">
      <Filter>Header Files</Filter>
    </ClInclude>
    <ClInclude Include="external\fmod\fmod_studio.hpp">
      <Filter>Header Files</Filter>
    </ClInclude>
    <ClInclude Include="external\fmod\fmod_studio_common.h">
      <Filter>Header Files</Filter>
    </ClInclude>
    <ClInclude Include="external\glad\glad.h">
      <Filter>Header Files</Filter>
    </ClInclude>
    <ClInclude Include="external\GLFW\glfw3.h">
      <Filter>Header Files</Filter>
    </ClInclude>
    <ClInclude Include="external\GLFW\glfw3native.h">
      <Filter>Header Files</Filter>
    </ClInclude>
    <ClInclude Include="external\GLM\detail\_features.hpp">
      <Filter>Header Files</Filter>
    </ClInclude>
    <ClInclude Include="external\GLM\detail\_fixes.hpp">
      <Filter>Header Files</Filter>
    </ClInclude>
    <ClInclude Include="external\GLM\detail\_noise.hpp">
      <Filter>Header Files</Filter>
    </ClInclude>
    <ClInclude Include="external\GLM\detail\_swizzle.hpp">
      <Filter>Header Files</Filter>
    </ClInclude>
    <ClInclude Include="external\GLM\detail\_swizzle_func.hpp">
      <Filter>Header Files</Filter>
    </ClInclude>
    <ClInclude Include="external\GLM\detail\_vectorize.hpp">
      <Filter>Header Files</Filter>
    </ClInclude>
    <ClInclude Include="external\GLM\detail\func_common.hpp">
      <Filter>Header Files</Filter>
    </ClInclude>
    <ClInclude Include="external\GLM\detail\func_exponential.hpp">
      <Filter>Header Files</Filter>
    </ClInclude>
    <ClInclude Include="external\GLM\detail\func_geometric.hpp">
      <Filter>Header Files</Filter>
    </ClInclude>
    <ClInclude Include="external\GLM\detail\func_integer.hpp">
      <Filter>Header Files</Filter>
    </ClInclude>
    <ClInclude Include="external\GLM\detail\func_matrix.hpp">
      <Filter>Header Files</Filter>
    </ClInclude>
    <ClInclude Include="external\GLM\detail\func_packing.hpp">
      <Filter>Header Files</Filter>
    </ClInclude>
    <ClInclude Include="external\GLM\detail\func_trigonometric.hpp">
      <Filter>Header Files</Filter>
    </ClInclude>
    <ClInclude Include="external\GLM\detail\func_vector_relational.hpp">
      <Filter>Header Files</Filter>
    </ClInclude>
    <ClInclude Include="external\GLM\detail\precision.hpp">
      <Filter>Header Files</Filter>
    </ClInclude>
    <ClInclude Include="external\GLM\detail\setup.hpp">
      <Filter>Header Files</Filter>
    </ClInclude>
    <ClInclude Include="external\GLM\detail\type_float.hpp">
      <Filter>Header Files</Filter>
    </ClInclude>
    <ClInclude Include="external\GLM\detail\type_gentype.hpp">
      <Filter>Header Files</Filter>
    </ClInclude>
    <ClInclude Include="external\GLM\detail\type_half.hpp">
      <Filter>Header Files</Filter>
    </ClInclude>
    <ClInclude Include="external\GLM\detail\type_int.hpp">
      <Filter>Header Files</Filter>
    </ClInclude>
    <ClInclude Include="external\GLM\detail\type_mat.hpp">
      <Filter>Header Files</Filter>
    </ClInclude>
    <ClInclude Include="external\GLM\detail\type_mat2x2.hpp">
      <Filter>Header Files</Filter>
    </ClInclude>
    <ClInclude Include="external\GLM\detail\type_mat2x3.hpp">
      <Filter>Header Files</Filter>
    </ClInclude>
    <ClInclude Include="external\GLM\detail\type_mat2x4.hpp">
      <Filter>Header Files</Filter>
    </ClInclude>
    <ClInclude Include="external\GLM\detail\type_mat3x2.hpp">
      <Filter>Header Files</Filter>
    </ClInclude>
    <ClInclude Include="external\GLM\detail\type_mat3x3.hpp">
      <Filter>Header Files</Filter>
    </ClInclude>
    <ClInclude Include="external\GLM\detail\type_mat3x4.hpp">
      <Filter>Header Files</Filter>
    </ClInclude>
    <ClInclude Include="external\GLM\detail\type_mat4x2.hpp">
      <Filter>Header Files</Filter>
    </ClInclude>
    <ClInclude Include="external\GLM\detail\type_mat4x3.hpp">
      <Filter>Header Files</Filter>
    </ClInclude>
    <ClInclude Include="external\GLM\detail\type_mat4x4.hpp">
      <Filter>Header Files</Filter>
    </ClInclude>
    <ClInclude Include="external\GLM\detail\type_vec.hpp">
      <Filter>Header Files</Filter>
    </ClInclude>
    <ClInclude Include="external\GLM\detail\type_vec1.hpp">
      <Filter>Header Files</Filter>
    </ClInclude>
    <ClInclude Include="external\GLM\detail\type_vec2.hpp">
      <Filter>Header Files</Filter>
    </ClInclude>
    <ClInclude Include="external\GLM\detail\type_vec3.hpp">
      <Filter>Header Files</Filter>
    </ClInclude>
    <ClInclude Include="external\GLM\detail\type_vec4.hpp">
      <Filter>Header Files</Filter>
    </ClInclude>
    <ClInclude Include="external\GLM\gtc\bitfield.hpp">
      <Filter>Header Files</Filter>
    </ClInclude>
    <ClInclude Include="external\GLM\gtc\color_space.hpp">
      <Filter>Header Files</Filter>
    </ClInclude>
    <ClInclude Include="external\GLM\gtc\constants.hpp">
      <Filter>Header Files</Filter>
    </ClInclude>
    <ClInclude Include="external\GLM\gtc\epsilon.hpp">
      <Filter>Header Files</Filter>
    </ClInclude>
    <ClInclude Include="external\GLM\gtc\functions.hpp">
      <Filter>Header Files</Filter>
    </ClInclude>
    <ClInclude Include="external\GLM\gtc\integer.hpp">
      <Filter>Header Files</Filter>
    </ClInclude>
    <ClInclude Include="external\GLM\gtc\matrix_access.hpp">
      <Filter>Header Files</Filter>
    </ClInclude>
    <ClInclude Include="external\GLM\gtc\matrix_integer.hpp">
      <Filter>Header Files</Filter>
    </ClInclude>
    <ClInclude Include="external\GLM\gtc\matrix_inverse.hpp">
      <Filter>Header Files</Filter>
    </ClInclude>
    <ClInclude Include="external\GLM\gtc\matrix_transform.hpp">
      <Filter>Header Files</Filter>
    </ClInclude>
    <ClInclude Include="external\GLM\gtc\noise.hpp">
      <Filter>Header Files</Filter>
    </ClInclude>
    <ClInclude Include="external\GLM\gtc\packing.hpp">
      <Filter>Header Files</Filter>
    </ClInclude>
    <ClInclude Include="external\GLM\gtc\quaternion.hpp">
      <Filter>Header Files</Filter>
    </ClInclude>
    <ClInclude Include="external\GLM\gtc\random.hpp">
      <Filter>Header Files</Filter>
    </ClInclude>
    <ClInclude Include="external\GLM\gtc\reciprocal.hpp">
      <Filter>Header Files</Filter>
    </ClInclude>
    <ClInclude Include="external\GLM\gtc\round.hpp">
      <Filter>Header Files</Filter>
    </ClInclude>
    <ClInclude Include="external\GLM\gtc\type_aligned.hpp">
      <Filter>Header Files</Filter>
    </ClInclude>
    <ClInclude Include="external\GLM\gtc\type_precision.hpp">
      <Filter>Header Files</Filter>
    </ClInclude>
    <ClInclude Include="external\GLM\gtc\type_ptr.hpp">
      <Filter>Header Files</Filter>
    </ClInclude>
    <ClInclude Include="external\GLM\gtc\ulp.hpp">
      <Filter>Header Files</Filter>
    </ClInclude>
    <ClInclude Include="external\GLM\gtc\vec1.hpp">
      <Filter>Header Files</Filter>
    </ClInclude>
    <ClInclude Include="external\GLM\gtx\associated_min_max.hpp">
      <Filter>Header Files</Filter>
    </ClInclude>
    <ClInclude Include="external\GLM\gtx\bit.hpp">
      <Filter>Header Files</Filter>
    </ClInclude>
    <ClInclude Include="external\GLM\gtx\closest_point.hpp">
      <Filter>Header Files</Filter>
    </ClInclude>
    <ClInclude Include="external\GLM\gtx\color_space.hpp">
      <Filter>Header Files</Filter>
    </ClInclude>
    <ClInclude Include="external\GLM\gtx\color_space_YCoCg.hpp">
      <Filter>Header Files</Filter>
    </ClInclude>
    <ClInclude Include="external\GLM\gtx\common.hpp">
      <Filter>Header Files</Filter>
    </ClInclude>
    <ClInclude Include="external\GLM\gtx\compatibility.hpp">
      <Filter>Header Files</Filter>
    </ClInclude>
    <ClInclude Include="external\GLM\gtx\component_wise.hpp">
      <Filter>Header Files</Filter>
    </ClInclude>
    <ClInclude Include="external\GLM\gtx\dual_quaternion.hpp">
      <Filter>Header Files</Filter>
    </ClInclude>
    <ClInclude Include="external\GLM\gtx\euler_angles.hpp">
      <Filter>Header Files</Filter>
    </ClInclude>
    <ClInclude Include="external\GLM\gtx\extend.hpp">
      <Filter>Header Files</Filter>
    </ClInclude>
    <ClInclude Include="external\GLM\gtx\extended_min_max.hpp">
      <Filter>Header Files</Filter>
    </ClInclude>
    <ClInclude Include="external\GLM\gtx\fast_exponential.hpp">
      <Filter>Header Files</Filter>
    </ClInclude>
    <ClInclude Include="external\GLM\gtx\fast_square_root.hpp">
      <Filter>Header Files</Filter>
    </ClInclude>
    <ClInclude Include="external\GLM\gtx\fast_trigonometry.hpp">
      <Filter>Header Files</Filter>
    </ClInclude>
    <ClInclude Include="external\GLM\gtx\gradient_paint.hpp">
      <Filter>Header Files</Filter>
    </ClInclude>
    <ClInclude Include="external\GLM\gtx\handed_coordinate_space.hpp">
      <Filter>Header Files</Filter>
    </ClInclude>
    <ClInclude Include="external\GLM\gtx\hash.hpp">
      <Filter>Header Files</Filter>
    </ClInclude>
    <ClInclude Include="external\GLM\gtx\integer.hpp">
      <Filter>Header Files</Filter>
    </ClInclude>
    <ClInclude Include="external\GLM\gtx\intersect.hpp">
      <Filter>Header Files</Filter>
    </ClInclude>
    <ClInclude Include="external\GLM\gtx\io.hpp">
      <Filter>Header Files</Filter>
    </ClInclude>
    <ClInclude Include="external\GLM\gtx\log_base.hpp">
      <Filter>Header Files</Filter>
    </ClInclude>
    <ClInclude Include="external\GLM\gtx\matrix_cross_product.hpp">
      <Filter>Header Files</Filter>
    </ClInclude>
    <ClInclude Include="external\GLM\gtx\matrix_decompose.hpp">
      <Filter>Header Files</Filter>
    </ClInclude>
    <ClInclude Include="external\GLM\gtx\matrix_interpolation.hpp">
      <Filter>Header Files</Filter>
    </ClInclude>
    <ClInclude Include="external\GLM\gtx\matrix_major_storage.hpp">
      <Filter>Header Files</Filter>
    </ClInclude>
    <ClInclude Include="external\GLM\gtx\matrix_operation.hpp">
      <Filter>Header Files</Filter>
    </ClInclude>
    <ClInclude Include="external\GLM\gtx\matrix_query.hpp">
      <Filter>Header Files</Filter>
    </ClInclude>
    <ClInclude Include="external\GLM\gtx\matrix_transform_2d.hpp">
      <Filter>Header Files</Filter>
    </ClInclude>
    <ClInclude Include="external\GLM\gtx\mixed_product.hpp">
      <Filter>Header Files</Filter>
    </ClInclude>
    <ClInclude Include="external\GLM\gtx\norm.hpp">
      <Filter>Header Files</Filter>
    </ClInclude>
    <ClInclude Include="external\GLM\gtx\normal.hpp">
      <Filter>Header Files</Filter>
    </ClInclude>
    <ClInclude Include="external\GLM\gtx\normalize_dot.hpp">
      <Filter>Header Files</Filter>
    </ClInclude>
    <ClInclude Include="external\GLM\gtx\number_precision.hpp">
      <Filter>Header Files</Filter>
    </ClInclude>
    <ClInclude Include="external\GLM\gtx\optimum_pow.hpp">
      <Filter>Header Files</Filter>
    </ClInclude>
    <ClInclude Include="external\GLM\gtx\orthonormalize.hpp">
      <Filter>Header Files</Filter>
    </ClInclude>
    <ClInclude Include="external\GLM\gtx\perpendicular.hpp">
      <Filter>Header Files</Filter>
    </ClInclude>
    <ClInclude Include="external\GLM\gtx\polar_coordinates.hpp">
      <Filter>Header Files</Filter>
    </ClInclude>
    <ClInclude Include="external\GLM\gtx\projection.hpp">
      <Filter>Header Files</Filter>
    </ClInclude>
    <ClInclude Include="external\GLM\gtx\quaternion.hpp">
      <Filter>Header Files</Filter>
    </ClInclude>
    <ClInclude Include="external\GLM\gtx\range.hpp">
      <Filter>Header Files</Filter>
    </ClInclude>
    <ClInclude Include="external\GLM\gtx\raw_data.hpp">
      <Filter>Header Files</Filter>
    </ClInclude>
    <ClInclude Include="external\GLM\gtx\rotate_normalized_axis.hpp">
      <Filter>Header Files</Filter>
    </ClInclude>
    <ClInclude Include="external\GLM\gtx\rotate_vector.hpp">
      <Filter>Header Files</Filter>
    </ClInclude>
    <ClInclude Include="external\GLM\gtx\scalar_multiplication.hpp">
      <Filter>Header Files</Filter>
    </ClInclude>
    <ClInclude Include="external\GLM\gtx\scalar_relational.hpp">
      <Filter>Header Files</Filter>
    </ClInclude>
    <ClInclude Include="external\GLM\gtx\simd_mat4.hpp">
      <Filter>Header Files</Filter>
    </ClInclude>
    <ClInclude Include="external\GLM\gtx\simd_quat.hpp">
      <Filter>Header Files</Filter>
    </ClInclude>
    <ClInclude Include="external\GLM\gtx\simd_vec4.hpp">
      <Filter>Header Files</Filter>
    </ClInclude>
    <ClInclude Include="external\GLM\gtx\spline.hpp">
      <Filter>Header Files</Filter>
    </ClInclude>
    <ClInclude Include="external\GLM\gtx\std_based_type.hpp">
      <Filter>Header Files</Filter>
    </ClInclude>
    <ClInclude Include="external\GLM\gtx\string_cast.hpp">
      <Filter>Header Files</Filter>
    </ClInclude>
    <ClInclude Include="external\GLM\gtx\transform.hpp">
      <Filter>Header Files</Filter>
    </ClInclude>
    <ClInclude Include="external\GLM\gtx\transform2.hpp">
      <Filter>Header Files</Filter>
    </ClInclude>
    <ClInclude Include="external\GLM\gtx\type_aligned.hpp">
      <Filter>Header Files</Filter>
    </ClInclude>
    <ClInclude Include="external\GLM\gtx\type_trait.hpp">
      <Filter>Header Files</Filter>
    </ClInclude>
    <ClInclude Include="external\GLM\gtx\vector_angle.hpp">
      <Filter>Header Files</Filter>
    </ClInclude>
    <ClInclude Include="external\GLM\gtx\vector_query.hpp">
      <Filter>Header Files</Filter>
    </ClInclude>
    <ClInclude Include="external\GLM\gtx\wrap.hpp">
      <Filter>Header Files</Filter>
    </ClInclude>
    <ClInclude Include="external\GLM\simd\common.h">
      <Filter>Header Files</Filter>
    </ClInclude>
    <ClInclude Include="external\GLM\simd\exponential.h">
      <Filter>Header Files</Filter>
    </ClInclude>
    <ClInclude Include="external\GLM\simd\geometric.h">
      <Filter>Header Files</Filter>
    </ClInclude>
    <ClInclude Include="external\GLM\simd\integer.h">
      <Filter>Header Files</Filter>
    </ClInclude>
    <ClInclude Include="external\GLM\simd\matrix.h">
      <Filter>Header Files</Filter>
    </ClInclude>
    <ClInclude Include="external\GLM\simd\packing.h">
      <Filter>Header Files</Filter>
    </ClInclude>
    <ClInclude Include="external\GLM\simd\platform.h">
      <Filter>Header Files</Filter>
    </ClInclude>
    <ClInclude Include="external\GLM\simd\trigonometric.h">
      <Filter>Header Files</Filter>
    </ClInclude>
    <ClInclude Include="external\GLM\simd\vector_relational.h">
      <Filter>Header Files</Filter>
    </ClInclude>
    <ClInclude Include="external\GLM\common.hpp">
      <Filter>Header Files</Filter>
    </ClInclude>
    <ClInclude Include="external\GLM\exponential.hpp">
      <Filter>Header Files</Filter>
    </ClInclude>
    <ClInclude Include="external\GLM\ext.hpp">
      <Filter>Header Files</Filter>
    </ClInclude>
    <ClInclude Include="external\GLM\fwd.hpp">
      <Filter>Header Files</Filter>
    </ClInclude>
    <ClInclude Include="external\GLM\geometric.hpp">
      <Filter>Header Files</Filter>
    </ClInclude>
    <ClInclude Include="external\GLM\glm.hpp">
      <Filter>Header Files</Filter>
    </ClInclude>
    <ClInclude Include="external\GLM\integer.hpp">
      <Filter>Header Files</Filter>
    </ClInclude>
    <ClInclude Include="external\GLM\mat2x2.hpp">
      <Filter>Header Files</Filter>
    </ClInclude>
    <ClInclude Include="external\GLM\mat2x3.hpp">
      <Filter>Header Files</Filter>
    </ClInclude>
    <ClInclude Include="external\GLM\mat2x4.hpp">
      <Filter>Header Files</Filter>
    </ClInclude>
    <ClInclude Include="external\GLM\mat3x2.hpp">
      <Filter>Header Files</Filter>
    </ClInclude>
    <ClInclude Include="external\GLM\mat3x3.hpp">
      <Filter>Header Files</Filter>
    </ClInclude>
    <ClInclude Include="external\GLM\mat3x4.hpp">
      <Filter>Header Files</Filter>
    </ClInclude>
    <ClInclude Include="external\GLM\mat4x2.hpp">
      <Filter>Header Files</Filter>
    </ClInclude>
    <ClInclude Include="external\GLM\mat4x3.hpp">
      <Filter>Header Files</Filter>
    </ClInclude>
    <ClInclude Include="external\GLM\mat4x4.hpp">
      <Filter>Header Files</Filter>
    </ClInclude>
    <ClInclude Include="external\GLM\matrix.hpp">
      <Filter>Header Files</Filter>
    </ClInclude>
    <ClInclude Include="external\GLM\packing.hpp">
      <Filter>Header Files</Filter>
    </ClInclude>
    <ClInclude Include="external\GLM\trigonometric.hpp">
      <Filter>Header Files</Filter>
    </ClInclude>
    <ClInclude Include="external\GLM\vec2.hpp">
      <Filter>Header Files</Filter>
    </ClInclude>
    <ClInclude Include="external\GLM\vec3.hpp">
      <Filter>Header Files</Filter>
    </ClInclude>
    <ClInclude Include="external\GLM\vec4.hpp">
      <Filter>Header Files</Filter>
    </ClInclude>
    <ClInclude Include="external\GLM\vector_relational.hpp">
      <Filter>Header Files</Filter>
    </ClInclude>
    <ClInclude Include="external\imgui\imconfig.h">
      <Filter>Header Files</Filter>
    </ClInclude>
    <ClInclude Include="external\imgui\imgui.h">
      <Filter>Header Files</Filter>
    </ClInclude>
    <ClInclude Include="external\imgui\imgui_impl_glfw.h">
      <Filter>Header Files</Filter>
    </ClInclude>
    <ClInclude Include="external\imgui\imgui_impl_opengl3.h">
      <Filter>Header Files</Filter>
    </ClInclude>
    <ClInclude Include="external\imgui\imgui_internal.h">
      <Filter>Header Files</Filter>
    </ClInclude>
    <ClInclude Include="external\imgui\imstb_rectpack.h">
      <Filter>Header Files</Filter>
    </ClInclude>
    <ClInclude Include="external\imgui\imstb_textedit.h">
      <Filter>Header Files</Filter>
    </ClInclude>
    <ClInclude Include="external\imgui\imstb_truetype.h">
      <Filter>Header Files</Filter>
    </ClInclude>
    <ClInclude Include="external\KHR\khrplatform.h">
      <Filter>Header Files</Filter>
    </ClInclude>
    <ClInclude Include="external\spdlog\details\async_logger_impl.h">
      <Filter>Header Files</Filter>
    </ClInclude>
    <ClInclude Include="external\spdlog\details\circular_q.h">
      <Filter>Header Files</Filter>
    </ClInclude>
    <ClInclude Include="external\spdlog\details\console_globals.h">
      <Filter>Header Files</Filter>
    </ClInclude>
    <ClInclude Include="external\spdlog\details\file_helper.h">
      <Filter>Header Files</Filter>
    </ClInclude>
    <ClInclude Include="external\spdlog\details\fmt_helper.h">
      <Filter>Header Files</Filter>
    </ClInclude>
    <ClInclude Include="external\spdlog\details\log_msg.h">
      <Filter>Header Files</Filter>
    </ClInclude>
    <ClInclude Include="external\spdlog\details\logger_impl.h">
      <Filter>Header Files</Filter>
    </ClInclude>
    <ClInclude Include="external\spdlog\details\mpmc_blocking_q.h">
      <Filter>Header Files</Filter>
    </ClInclude>
    <ClInclude Include="external\spdlog\details\null_mutex.h">
      <Filter>Header Files</Filter>
    </ClInclude>
    <ClInclude Include="external\spdlog\details\os.h">
      <Filter>Header Files</Filter>
    </ClInclude>
    <ClInclude Include="external\spdlog\details\pattern_formatter.h">
      <Filter>Header Files</Filter>
    </ClInclude>
    <ClInclude Include="external\spdlog\details\periodic_worker.h">
      <Filter>Header Files</Filter>
    </ClInclude>
    <ClInclude Include="external\spdlog\details\registry.h">
      <Filter>Header Files</Filter>
    </ClInclude>
    <ClInclude Include="external\spdlog\details\thread_pool.h">
      <Filter>Header Files</Filter>
    </ClInclude>
    <ClInclude Include="external\spdlog\fmt\bundled\chrono.h">
      <Filter>Header Files</Filter>
    </ClInclude>
    <ClInclude Include="external\spdlog\fmt\bundled\color.h">
      <Filter>Header Files</Filter>
    </ClInclude>
    <ClInclude Include="external\spdlog\fmt\bundled\core.h">
      <Filter>Header Files</Filter>
    </ClInclude>
    <ClInclude Include="external\spdlog\fmt\bundled\format.h">
      <Filter>Header Files</Filter>
    </ClInclude>
    <ClInclude Include="external\spdlog\fmt\bundled\format-inl.h">
      <Filter>Header Files</Filter>
    </ClInclude>
    <ClInclude Include="external\spdlog\fmt\bundled\locale.h">
      <Filter>Header Files</Filter>
    </ClInclude>
    <ClInclude Include="external\spdlog\fmt\bundled\ostream.h">
      <Filter>Header Files</Filter>
    </ClInclude>
    <ClInclude Include="external\spdlog\fmt\bundled\posix.h">
      <Filter>Header Files</Filter>
    </ClInclude>
    <ClInclude Include="external\spdlog\fmt\bundled\printf.h">
      <Filter>Header Files</Filter>
    </ClInclude>
    <ClInclude Include="external\spdlog\fmt\bundled\ranges.h">
      <Filter>Header Files</Filter>
    </ClInclude>
    <ClInclude Include="external\spdlog\fmt\bundled\time.h">
      <Filter>Header Files</Filter>
    </ClInclude>
    <ClInclude Include="external\spdlog\fmt\bin_to_hex.h">
      <Filter>Header Files</Filter>
    </ClInclude>
    <ClInclude Include="external\spdlog\fmt\fmt.h">
      <Filter>Header Files</Filter>
    </ClInclude>
    <ClInclude Include="external\spdlog\fmt\ostr.h">
      <Filter>Header Files</Filter>
    </ClInclude>
    <ClInclude Include="external\spdlog\sinks\android_sink.h">
      <Filter>Header Files</Filter>
    </ClInclude>
    <ClInclude Include="external\spdlog\sinks\ansicolor_sink.h">
      <Filter>Header Files</Filter>
    </ClInclude>
    <ClInclude Include="external\spdlog\sinks\base_sink.h">
      <Filter>Header Files</Filter>
    </ClInclude>
    <ClInclude Include="external\spdlog\sinks\basic_file_sink.h">
      <Filter>Header Files</Filter>
    </ClInclude>
    <ClInclude Include="external\spdlog\sinks\daily_file_sink.h">
      <Filter>Header Files</Filter>
    </ClInclude>
    <ClInclude Include="external\spdlog\sinks\dist_sink.h">
      <Filter>Header Files</Filter>
    </ClInclude>
    <ClInclude Include="external\spdlog\sinks\msvc_sink.h">
      <Filter>Header Files</Filter>
    </ClInclude>
    <ClInclude Include="external\spdlog\sinks\null_sink.h">
      <Filter>Header Files</Filter>
    </ClInclude>
    <ClInclude Include="external\spdlog\sinks\ostream_sink.h">
      <Filter>Header Files</Filter>
    </ClInclude>
    <ClInclude Include="external\spdlog\sinks\rotating_file_sink.h">
      <Filter>Header Files</Filter>
    </ClInclude>
    <ClInclude Include="external\spdlog\sinks\sink.h">
      <Filter>Header Files</Filter>
    </ClInclude>
    <ClInclude Include="external\spdlog\sinks\stdout_color_sinks.h">
      <Filter>Header Files</Filter>
    </ClInclude>
    <ClInclude Include="external\spdlog\sinks\stdout_sinks.h">
      <Filter>Header Files</Filter>
    </ClInclude>
    <ClInclude Include="external\spdlog\sinks\syslog_sink.h">
      <Filter>Header Files</Filter>
    </ClInclude>
    <ClInclude Include="external\spdlog\sinks\systemd_sink.h">
      <Filter>Header Files</Filter>
    </ClInclude>
    <ClInclude Include="external\spdlog\sinks\wincolor_sink.h">
      <Filter>Header Files</Filter>
    </ClInclude>
    <ClInclude Include="external\spdlog\async.h">
      <Filter>Header Files</Filter>
    </ClInclude>
    <ClInclude Include="external\spdlog\async_logger.h">
      <Filter>Header Files</Filter>
    </ClInclude>
    <ClInclude Include="external\spdlog\common.h">
      <Filter>Header Files</Filter>
    </ClInclude>
    <ClInclude Include="external\spdlog\formatter.h">
      <Filter>Header Files</Filter>
    </ClInclude>
    <ClInclude Include="external\spdlog\logger.h">
      <Filter>Header Files</Filter>
    </ClInclude>
    <ClInclude Include="external\spdlog\spdlog.h">
      <Filter>Header Files</Filter>
    </ClInclude>
    <ClInclude Include="external\spdlog\tweakme.h">
      <Filter>Header Files</Filter>
    </ClInclude>
    <ClInclude Include="external\spdlog\version.h">
      <Filter>Header Files</Filter>
    </ClInclude>
    <ClInclude Include="external\stbs\stb_image.h">
      <Filter>Header Files</Filter>
    </ClInclude>
    <ClInclude Include="external\stbs\stb_image_write.h">
      <Filter>Header Files</Filter>
    </ClInclude>
    <ClInclude Include="external\stbs\stb_impl.h">
      <Filter>Header Files</Filter>
    </ClInclude>
    <ClInclude Include="external\stbs\stb_include.h">
      <Filter>Header Files</Filter>
    </ClInclude>
    <ClInclude Include="external\stbs\stb_perlin.h">
      <Filter>Header Files</Filter>
    </ClInclude>
    <ClInclude Include="external\stbs\stb_rect_pack.h">
      <Filter>Header Files</Filter>
    </ClInclude>
    <ClInclude Include="external\stbs\stb_truetype.h">
      <Filter>Header Files</Filter>
    </ClInclude>
    <ClInclude Include="external\toolkit\CerealGLM.h">
      <Filter>Header Files</Filter>
    </ClInclude>
    <ClInclude Include="external\toolkit\EnumToString.h">
      <Filter>Header Files</Filter>
    </ClInclude>
    <ClInclude Include="external\toolkit\Logging.h">
      <Filter>Header Files</Filter>
    </ClInclude>
    <ClInclude Include="external\toolkit\Sys.h">
      <Filter>Header Files</Filter>
    </ClInclude>
  </ItemGroup>
  <ItemGroup>
    <ClCompile Include="GDW_Y2 - CRY LIB.cpp">
      <Filter>Source Files</Filter>
    </ClCompile>
    <ClCompile Include="pch.cpp">
      <Filter>Source Files</Filter>
    </ClCompile>
    <ClCompile Include="cherry\objects\Object.cpp">
      <Filter>Source Files</Filter>
    </ClCompile>
    <ClCompile Include="cherry\objects\Primitive.cpp">
      <Filter>Source Files</Filter>
    </ClCompile>
    <ClCompile Include="cherry\objects\PrimitiveCapsule.cpp">
      <Filter>Source Files</Filter>
    </ClCompile>
    <ClCompile Include="cherry\objects\PrimitiveCircle.cpp">
      <Filter>Source Files</Filter>
    </ClCompile>
    <ClCompile Include="cherry\objects\PrimitiveCone.cpp">
      <Filter>Source Files</Filter>
    </ClCompile>
    <ClCompile Include="cherry\objects\PrimitiveCube.cpp">
      <Filter>Source Files</Filter>
    </ClCompile>
    <ClCompile Include="cherry\objects\PrimitiveCylinder.cpp">
      <Filter>Source Files</Filter>
    </ClCompile>
    <ClCompile Include="cherry\objects\PrimitiveDiamond.cpp">
      <Filter>Source Files</Filter>
    </ClCompile>
    <ClCompile Include="cherry\objects\PrimitivePlane.cpp">
      <Filter>Source Files</Filter>
    </ClCompile>
    <ClCompile Include="cherry\objects\PrimitiveSphere.cpp">
      <Filter>Source Files</Filter>
    </ClCompile>
    <ClCompile Include="cherry\utils\math\Collision.cpp">
      <Filter>Source Files</Filter>
    </ClCompile>
    <ClCompile Include="cherry\utils\math\LargeInt.cpp">
      <Filter>Source Files</Filter>
    </ClCompile>
    <ClCompile Include="cherry\utils\math\Matrix.cpp">
      <Filter>Source Files</Filter>
    </ClCompile>
    <ClCompile Include="cherry\utils\math\Quaternion.cpp">
      <Filter>Source Files</Filter>
    </ClCompile>
    <ClCompile Include="cherry\utils\math\Rotation.cpp">
      <Filter>Source Files</Filter>
    </ClCompile>
    <ClCompile Include="cherry\utils\math\Vector.cpp">
      <Filter>Source Files</Filter>
    </ClCompile>
    <ClCompile Include="cherry\utils\Array.cpp">
      <Filter>Source Files</Filter>
    </ClCompile>
    <ClCompile Include="cherry\utils\Color.cpp">
      <Filter>Source Files</Filter>
    </ClCompile>
    <ClCompile Include="cherry\utils\Utils.cpp">
      <Filter>Source Files</Filter>
    </ClCompile>
    <ClCompile Include="cherry\Camera.cpp">
      <Filter>Source Files</Filter>
    </ClCompile>
    <ClCompile Include="cherry\Game.cpp">
      <Filter>Source Files</Filter>
    </ClCompile>
    <ClCompile Include="cherry\Material.cpp">
      <Filter>Source Files</Filter>
    </ClCompile>
    <ClCompile Include="cherry\Mesh.cpp">
      <Filter>Source Files</Filter>
    </ClCompile>
    <ClCompile Include="cherry\MeshRenderer.cpp">
      <Filter>Source Files</Filter>
    </ClCompile>
    <ClCompile Include="cherry\Scene.cpp">
      <Filter>Source Files</Filter>
    </ClCompile>
    <ClCompile Include="cherry\SceneManager.cpp">
      <Filter>Source Files</Filter>
    </ClCompile>
    <ClCompile Include="cherry\Shader.cpp">
      <Filter>Source Files</Filter>
    </ClCompile>
    <ClCompile Include="cherry\stb_image.cpp">
      <Filter>Source Files</Filter>
    </ClCompile>
    <ClCompile Include="cherry\VectorCRY.cpp">
      <Filter>Source Files</Filter>
    </ClCompile>
    <ClCompile Include="cherry\PhysicsBody.cpp">
      <Filter>Source Files</Filter>
    </ClCompile>
    <ClCompile Include="external\GLM\detail\glm.cpp">
      <Filter>Source Files</Filter>
    </ClCompile>
    <ClCompile Include="external\imgui\imgui.cpp">
      <Filter>Source Files</Filter>
    </ClCompile>
    <ClCompile Include="external\imgui\imgui_demo.cpp">
      <Filter>Source Files</Filter>
    </ClCompile>
    <ClCompile Include="external\imgui\imgui_draw.cpp">
      <Filter>Source Files</Filter>
    </ClCompile>
    <ClCompile Include="external\imgui\imgui_impl_glfw.cpp">
      <Filter>Source Files</Filter>
    </ClCompile>
    <ClCompile Include="external\imgui\imgui_impl_opengl3.cpp">
      <Filter>Source Files</Filter>
    </ClCompile>
    <ClCompile Include="external\imgui\imgui_widgets.cpp">
      <Filter>Source Files</Filter>
    </ClCompile>
    <ClCompile Include="external\stbs\stb_impl.cpp">
      <Filter>Source Files</Filter>
    </ClCompile>
    <ClCompile Include="external\toolkit\Logging.cpp">
      <Filter>Source Files</Filter>
    </ClCompile>
    <ClCompile Include="external\toolkit\Sys.cpp">
      <Filter>Source Files</Filter>
    </ClCompile>
  </ItemGroup>
  <ItemGroup>
    <None Include="external\GLM\detail\func_common.inl">
      <Filter>Header Files</Filter>
    </None>
    <None Include="external\GLM\detail\func_common_simd.inl">
      <Filter>Header Files</Filter>
    </None>
    <None Include="external\GLM\detail\func_exponential.inl">
      <Filter>Header Files</Filter>
    </None>
    <None Include="external\GLM\detail\func_exponential_simd.inl">
      <Filter>Header Files</Filter>
    </None>
    <None Include="external\GLM\detail\func_geometric.inl">
      <Filter>Header Files</Filter>
    </None>
    <None Include="external\GLM\detail\func_geometric_simd.inl">
      <Filter>Header Files</Filter>
    </None>
    <None Include="external\GLM\detail\func_integer.inl">
      <Filter>Header Files</Filter>
    </None>
    <None Include="external\GLM\detail\func_integer_simd.inl">
      <Filter>Header Files</Filter>
    </None>
    <None Include="external\GLM\detail\func_matrix.inl">
      <Filter>Header Files</Filter>
    </None>
    <None Include="external\GLM\detail\func_matrix_simd.inl">
      <Filter>Header Files</Filter>
    </None>
    <None Include="external\GLM\detail\func_packing.inl">
      <Filter>Header Files</Filter>
    </None>
    <None Include="external\GLM\detail\func_packing_simd.inl">
      <Filter>Header Files</Filter>
    </None>
    <None Include="external\GLM\detail\func_trigonometric.inl">
      <Filter>Header Files</Filter>
    </None>
    <None Include="external\GLM\detail\func_trigonometric_simd.inl">
      <Filter>Header Files</Filter>
    </None>
    <None Include="external\GLM\detail\func_vector_relational.inl">
      <Filter>Header Files</Filter>
    </None>
    <None Include="external\GLM\detail\func_vector_relational_simd.inl">
      <Filter>Header Files</Filter>
    </None>
    <None Include="external\GLM\detail\type_gentype.inl">
      <Filter>Header Files</Filter>
    </None>
    <None Include="external\GLM\detail\type_half.inl">
      <Filter>Header Files</Filter>
    </None>
    <None Include="external\GLM\detail\type_mat.inl">
      <Filter>Header Files</Filter>
    </None>
    <None Include="external\GLM\detail\type_mat2x2.inl">
      <Filter>Header Files</Filter>
    </None>
    <None Include="external\GLM\detail\type_mat2x3.inl">
      <Filter>Header Files</Filter>
    </None>
    <None Include="external\GLM\detail\type_mat2x4.inl">
      <Filter>Header Files</Filter>
    </None>
    <None Include="external\GLM\detail\type_mat3x2.inl">
      <Filter>Header Files</Filter>
    </None>
    <None Include="external\GLM\detail\type_mat3x3.inl">
      <Filter>Header Files</Filter>
    </None>
    <None Include="external\GLM\detail\type_mat3x4.inl">
      <Filter>Header Files</Filter>
    </None>
    <None Include="external\GLM\detail\type_mat4x2.inl">
      <Filter>Header Files</Filter>
    </None>
    <None Include="external\GLM\detail\type_mat4x3.inl">
      <Filter>Header Files</Filter>
    </None>
    <None Include="external\GLM\detail\type_mat4x4.inl">
      <Filter>Header Files</Filter>
    </None>
    <None Include="external\GLM\detail\type_mat4x4_simd.inl">
      <Filter>Header Files</Filter>
    </None>
    <None Include="external\GLM\detail\type_vec.inl">
      <Filter>Header Files</Filter>
    </None>
    <None Include="external\GLM\detail\type_vec1.inl">
      <Filter>Header Files</Filter>
    </None>
    <None Include="external\GLM\detail\type_vec2.inl">
      <Filter>Header Files</Filter>
    </None>
    <None Include="external\GLM\detail\type_vec3.inl">
      <Filter>Header Files</Filter>
    </None>
    <None Include="external\GLM\detail\type_vec4.inl">
      <Filter>Header Files</Filter>
    </None>
    <None Include="external\GLM\detail\type_vec4_simd.inl">
      <Filter>Header Files</Filter>
    </None>
    <None Include="external\GLM\gtc\bitfield.inl">
      <Filter>Header Files</Filter>
    </None>
    <None Include="external\GLM\gtc\color_encoding.inl">
      <Filter>Header Files</Filter>
    </None>
    <None Include="external\GLM\gtc\color_space.inl">
      <Filter>Header Files</Filter>
    </None>
    <None Include="external\GLM\gtc\constants.inl">
      <Filter>Header Files</Filter>
    </None>
    <None Include="external\GLM\gtc\epsilon.inl">
      <Filter>Header Files</Filter>
    </None>
    <None Include="external\GLM\gtc\functions.inl">
      <Filter>Header Files</Filter>
    </None>
    <None Include="external\GLM\gtc\integer.inl">
      <Filter>Header Files</Filter>
    </None>
    <None Include="external\GLM\gtc\matrix_access.inl">
      <Filter>Header Files</Filter>
    </None>
    <None Include="external\GLM\gtc\matrix_inverse.inl">
      <Filter>Header Files</Filter>
    </None>
    <None Include="external\GLM\gtc\matrix_transform.inl">
      <Filter>Header Files</Filter>
    </None>
    <None Include="external\GLM\gtc\noise.inl">
      <Filter>Header Files</Filter>
    </None>
    <None Include="external\GLM\gtc\packing.inl">
      <Filter>Header Files</Filter>
    </None>
    <None Include="external\GLM\gtc\quaternion.inl">
      <Filter>Header Files</Filter>
    </None>
    <None Include="external\GLM\gtc\quaternion_simd.inl">
      <Filter>Header Files</Filter>
    </None>
    <None Include="external\GLM\gtc\random.inl">
      <Filter>Header Files</Filter>
    </None>
    <None Include="external\GLM\gtc\reciprocal.inl">
      <Filter>Header Files</Filter>
    </None>
    <None Include="external\GLM\gtc\round.inl">
      <Filter>Header Files</Filter>
    </None>
    <None Include="external\GLM\gtc\type_precision.inl">
      <Filter>Header Files</Filter>
    </None>
    <None Include="external\GLM\gtc\type_ptr.inl">
      <Filter>Header Files</Filter>
    </None>
    <None Include="external\GLM\gtc\ulp.inl">
      <Filter>Header Files</Filter>
    </None>
    <None Include="external\GLM\gtc\vec1.inl">
      <Filter>Header Files</Filter>
    </None>
    <None Include="external\GLM\gtx\associated_min_max.inl">
      <Filter>Header Files</Filter>
    </None>
    <None Include="external\GLM\gtx\bit.inl">
      <Filter>Header Files</Filter>
    </None>
    <None Include="external\GLM\gtx\closest_point.inl">
      <Filter>Header Files</Filter>
    </None>
    <None Include="external\GLM\gtx\color_space.inl">
      <Filter>Header Files</Filter>
    </None>
    <None Include="external\GLM\gtx\color_space_YCoCg.inl">
      <Filter>Header Files</Filter>
    </None>
    <None Include="external\GLM\gtx\common.inl">
      <Filter>Header Files</Filter>
    </None>
    <None Include="external\GLM\gtx\compatibility.inl">
      <Filter>Header Files</Filter>
    </None>
    <None Include="external\GLM\gtx\component_wise.inl">
      <Filter>Header Files</Filter>
    </None>
    <None Include="external\GLM\gtx\dual_quaternion.inl">
      <Filter>Header Files</Filter>
    </None>
    <None Include="external\GLM\gtx\euler_angles.inl">
      <Filter>Header Files</Filter>
    </None>
    <None Include="external\GLM\gtx\extend.inl">
      <Filter>Header Files</Filter>
    </None>
    <None Include="external\GLM\gtx\extended_min_max.inl">
      <Filter>Header Files</Filter>
    </None>
    <None Include="external\GLM\gtx\fast_exponential.inl">
      <Filter>Header Files</Filter>
    </None>
    <None Include="external\GLM\gtx\fast_square_root.inl">
      <Filter>Header Files</Filter>
    </None>
    <None Include="external\GLM\gtx\fast_trigonometry.inl">
      <Filter>Header Files</Filter>
    </None>
    <None Include="external\GLM\gtx\float_notmalize.inl">
      <Filter>Header Files</Filter>
    </None>
    <None Include="external\GLM\gtx\gradient_paint.inl">
      <Filter>Header Files</Filter>
    </None>
    <None Include="external\GLM\gtx\handed_coordinate_space.inl">
      <Filter>Header Files</Filter>
    </None>
    <None Include="external\GLM\gtx\hash.inl">
      <Filter>Header Files</Filter>
    </None>
    <None Include="external\GLM\gtx\integer.inl">
      <Filter>Header Files</Filter>
    </None>
    <None Include="external\GLM\gtx\intersect.inl">
      <Filter>Header Files</Filter>
    </None>
    <None Include="external\GLM\gtx\io.inl">
      <Filter>Header Files</Filter>
    </None>
    <None Include="external\GLM\gtx\log_base.inl">
      <Filter>Header Files</Filter>
    </None>
    <None Include="external\GLM\gtx\matrix_cross_product.inl">
      <Filter>Header Files</Filter>
    </None>
    <None Include="external\GLM\gtx\matrix_decompose.inl">
      <Filter>Header Files</Filter>
    </None>
    <None Include="external\GLM\gtx\matrix_interpolation.inl">
      <Filter>Header Files</Filter>
    </None>
    <None Include="external\GLM\gtx\matrix_major_storage.inl">
      <Filter>Header Files</Filter>
    </None>
    <None Include="external\GLM\gtx\matrix_operation.inl">
      <Filter>Header Files</Filter>
    </None>
    <None Include="external\GLM\gtx\matrix_query.inl">
      <Filter>Header Files</Filter>
    </None>
    <None Include="external\GLM\gtx\matrix_transform_2d.inl">
      <Filter>Header Files</Filter>
    </None>
    <None Include="external\GLM\gtx\mixed_product.inl">
      <Filter>Header Files</Filter>
    </None>
    <None Include="external\GLM\gtx\norm.inl">
      <Filter>Header Files</Filter>
    </None>
    <None Include="external\GLM\gtx\normal.inl">
      <Filter>Header Files</Filter>
    </None>
    <None Include="external\GLM\gtx\normalize_dot.inl">
      <Filter>Header Files</Filter>
    </None>
    <None Include="external\GLM\gtx\number_precision.inl">
      <Filter>Header Files</Filter>
    </None>
    <None Include="external\GLM\gtx\optimum_pow.inl">
      <Filter>Header Files</Filter>
    </None>
    <None Include="external\GLM\gtx\orthonormalize.inl">
      <Filter>Header Files</Filter>
    </None>
    <None Include="external\GLM\gtx\perpendicular.inl">
      <Filter>Header Files</Filter>
    </None>
    <None Include="external\GLM\gtx\polar_coordinates.inl">
      <Filter>Header Files</Filter>
    </None>
    <None Include="external\GLM\gtx\projection.inl">
      <Filter>Header Files</Filter>
    </None>
    <None Include="external\GLM\gtx\quaternion.inl">
      <Filter>Header Files</Filter>
    </None>
    <None Include="external\GLM\gtx\raw_data.inl">
      <Filter>Header Files</Filter>
    </None>
    <None Include="external\GLM\gtx\rotate_normalized_axis.inl">
      <Filter>Header Files</Filter>
    </None>
    <None Include="external\GLM\gtx\rotate_vector.inl">
      <Filter>Header Files</Filter>
    </None>
    <None Include="external\GLM\gtx\scalar_relational.inl">
      <Filter>Header Files</Filter>
    </None>
    <None Include="external\GLM\gtx\simd_mat4.inl">
      <Filter>Header Files</Filter>
    </None>
    <None Include="external\GLM\gtx\simd_quat.inl">
      <Filter>Header Files</Filter>
    </None>
    <None Include="external\GLM\gtx\simd_vec4.inl">
      <Filter>Header Files</Filter>
    </None>
    <None Include="external\GLM\gtx\spline.inl">
      <Filter>Header Files</Filter>
    </None>
    <None Include="external\GLM\gtx\std_based_type.inl">
      <Filter>Header Files</Filter>
    </None>
    <None Include="external\GLM\gtx\string_cast.inl">
      <Filter>Header Files</Filter>
    </None>
    <None Include="external\GLM\gtx\transform.inl">
      <Filter>Header Files</Filter>
    </None>
    <None Include="external\GLM\gtx\transform2.inl">
      <Filter>Header Files</Filter>
    </None>
    <None Include="external\GLM\gtx\type_aligned.inl">
      <Filter>Header Files</Filter>
    </None>
    <None Include="external\GLM\gtx\type_trait.inl">
      <Filter>Header Files</Filter>
    </None>
    <None Include="external\GLM\gtx\vector_angle.inl">
      <Filter>Header Files</Filter>
    </None>
    <None Include="external\GLM\gtx\vector_query.inl">
      <Filter>Header Files</Filter>
    </None>
    <None Include="external\GLM\gtx\wrap.inl">
      <Filter>Header Files</Filter>
    </None>
  </ItemGroup>
</Project>